
Microsoft Visual Studio Solution File, Format Version 12.00
# Visual Studio Version 17
VisualStudioVersion = 17.3.32922.545
MinimumVisualStudioVersion = 10.0.40219.1
Project("{F184B08F-C81C-45F6-A57F-5ABD9991F28F}") = "Kitchen Stove Timer", "Kitchen Stove Timer.vbproj", "{79FE1F45-A039-4986-8B22-14CBCC59D2E7}"
EndProject
Global
	GlobalSection(SolutionConfigurationPlatforms) = preSolution
		Debug|Any CPU = Debug|Any CPU
		Release|Any CPU = Release|Any CPU
	EndGlobalSection
	GlobalSection(ProjectConfigurationPlatforms) = postSolution
		{79FE1F45-A039-4986-8B22-14CBCC59D2E7}.Debug|Any CPU.ActiveCfg = Debug|Any CPU
		{79FE1F45-A039-4986-8B22-14CBCC59D2E7}.Debug|Any CPU.Build.0 = Debug|Any CPU
		{79FE1F45-A039-4986-8B22-14CBCC59D2E7}.Release|Any CPU.ActiveCfg = Release|Any CPU
		{79FE1F45-A039-4986-8B22-14CBCC59D2E7}.Release|Any CPU.Build.0 = Release|Any CPU
	EndGlobalSection
	GlobalSection(SolutionProperties) = preSolution
		HideSolutionNode = FALSE
	EndGlobalSection
	GlobalSection(ExtensibilityGlobals) = postSolution
		SolutionGuid = {F3ABBCB1-47DD-4606-BB91-4C679C9C56D2}
	EndGlobalSection
EndGlobal
